Microsoft Visual Studio Solution File, Format Version 12.00
# Visual Studio Version 17
VisualStudioVersion = 17.0.31903.59
MinimumVisualStudioVersion = 10.0.40219.1
Project("{FAE04EC0-301F-11D3-BF4B-00C04F79EFBC}") = "Sts2Mod", "Sts2Mod.csproj", "{4126E25E-1A34-4D96-839B-AAF52496B36A}"
EndProject
Global
	GlobalSection(SolutionConfigurationPlatforms) = preSolution
		Debug|Any CPU = Debug|Any CPU
		Release|Any CPU = Release|Any CPU
	EndGlobalSection
	GlobalSection(ProjectConfigurationPlatforms) = postSolution
		{4126E25E-1A34-4D96-839B-AAF52496B36A}.Debug|Any CPU.ActiveCfg = Debug|Any CPU
		{4126E25E-1A34-4D96-839B-AAF52496B36A}.Debug|Any CPU.Build.0 = Debug|Any CPU
		{4126E25E-1A34-4D96-839B-AAF52496B36A}.Release|Any CPU.ActiveCfg = Release|Any CPU
		{4126E25E-1A34-4D96-839B-AAF52496B36A}.Release|Any CPU.Build.0 = Release|Any CPU
	EndGlobalSection
	GlobalSection(SolutionProperties) = preSolution
		HideSolutionNode = FALSE
	EndGlobalSection
EndGlobal
